
Microsoft Visual Studio Solution File, Format Version 12.00
# Visual Studio 2013
VisualStudioVersion = 12.0.30501.0
MinimumVisualStudioVersion = 10.0.40219.1
Project("{FAE04EC0-301F-11D3-BF4B-00C04F79EFBC}") = "aplikasi_penjualan", "aplikasi_penjualan\aplikasi_penjualan.csproj", "{2FA40B78-3BA9-467A-86AB-45885C895381}"
EndProject
Project("{FAE04EC0-301F-11D3-BF4B-00C04F79EFBC}") = "test_db", "test_db\test_db.csproj", "{69EB652F-61E8-4AE1-AF96-5BD05F4FA56D}"
EndProject
Project("{FAE04EC0-301F-11D3-BF4B-00C04F79EFBC}") = "gdi_test", "gdi_test\gdi_test.csproj", "{5012E14A-4BEB-4123-AC14-76B0A6416FDE}"
EndProject
Project("{FAE04EC0-301F-11D3-BF4B-00C04F79EFBC}") = "test_query", "test_query\test_query.csproj", "{3EBDBC88-AF97-49ED-9283-1E53BED39A4C}"
EndProject
Project("{FAE04EC0-301F-11D3-BF4B-00C04F79EFBC}") = "test_date", "test_date\test_date.csproj", "{381FD767-8A9D-4444-AE0B-E7368A54C6EB}"
EndProject
Project("{FAE04EC0-301F-11D3-BF4B-00C04F79EFBC}") = "test_color", "test_color\test_color.csproj", "{A8B3253B-C7C9-4F63-BD6B-D82D80B88A42}"
EndProject
Project("{FAE04EC0-301F-11D3-BF4B-00C04F79EFBC}") = "test_calendar", "test_calendar\test_calendar.csproj", "{0E15B539-5B8D-4FE0-97F7-B6629FDE6C05}"
EndProject
Project("{FAE04EC0-301F-11D3-BF4B-00C04F79EFBC}") = "test_sqlite", "test_sqlite\test_sqlite.csproj", "{FE3D79EC-236B-4720-8573-0A4ED711B962}"
EndProject
Project("{FAE04EC0-301F-11D3-BF4B-00C04F79EFBC}") = "test_lite", "test_lite\test_lite.csproj", "{D6DC5DEC-827A-466A-8CB4-297C8E1AC448}"
EndProject
Project("{FAE04EC0-301F-11D3-BF4B-00C04F79EFBC}") = "test_file", "test_file\test_file.csproj", "{FE106A41-4D69-4B56-8148-281250D7E8BC}"
EndProject
Project("{FAE04EC0-301F-11D3-BF4B-00C04F79EFBC}") = "test_cmd", "test_cmd\test_cmd.csproj", "{E7FB454A-6AAD-4B0B-BBD6-4572283BF4E0}"
EndProject
Project("{FAE04EC0-301F-11D3-BF4B-00C04F79EFBC}") = "test_SQLibrary", "test_SQLibrary\test_SQLibrary.csproj", "{9D17E885-B28C-4EA8-9281-82A4C889D113}"
EndProject
Project("{FAE04EC0-301F-11D3-BF4B-00C04F79EFBC}") = "test_bitmap", "test_bitmap\test_bitmap.csproj", "{71349428-D158-41CB-AB30-60416FC8F6C6}"
EndProject
Project("{FAE04EC0-301F-11D3-BF4B-00C04F79EFBC}") = "test_convert", "test_convert\test_convert.csproj", "{BFE1BD2D-0A76-4B4A-BF9F-D709921F28E4}"
EndProject
Global
	GlobalSection(SolutionConfigurationPlatforms) = preSolution
		Debug|Any CPU = Debug|Any CPU
		Debug|ARM = Debug|ARM
		Debug|x64 = Debug|x64
		Debug|x86 = Debug|x86
		Release|Any CPU = Release|Any CPU
		Release|ARM = Release|ARM
		Release|x64 = Release|x64
		Release|x86 = Release|x86
	EndGlobalSection
	GlobalSection(ProjectConfigurationPlatforms) = postSolution
		{2FA40B78-3BA9-467A-86AB-45885C895381}.Debug|Any CPU.ActiveCfg = Debug|Any CPU
		{2FA40B78-3BA9-467A-86AB-45885C895381}.Debug|Any CPU.Build.0 = Debug|Any CPU
		{2FA40B78-3BA9-467A-86AB-45885C895381}.Debug|ARM.ActiveCfg = Debug|Any CPU
		{2FA40B78-3BA9-467A-86AB-45885C895381}.Debug|x64.ActiveCfg = Debug|Any CPU
		{2FA40B78-3BA9-467A-86AB-45885C895381}.Debug|x86.ActiveCfg = Debug|Any CPU
		{2FA40B78-3BA9-467A-86AB-45885C895381}.Release|Any CPU.ActiveCfg = Release|Any CPU
		{2FA40B78-3BA9-467A-86AB-45885C895381}.Release|Any CPU.Build.0 = Release|Any CPU
		{2FA40B78-3BA9-467A-86AB-45885C895381}.Release|ARM.ActiveCfg = Release|Any CPU
		{2FA40B78-3BA9-467A-86AB-45885C895381}.Release|x64.ActiveCfg = Release|Any CPU
		{2FA40B78-3BA9-467A-86AB-45885C895381}.Release|x86.ActiveCfg = Release|Any CPU
		{69EB652F-61E8-4AE1-AF96-5BD05F4FA56D}.Debug|Any CPU.ActiveCfg = Debug|Any CPU
		{69EB652F-61E8-4AE1-AF96-5BD05F4FA56D}.Debug|Any CPU.Build.0 = Debug|Any CPU
		{69EB652F-61E8-4AE1-AF96-5BD05F4FA56D}.Debug|ARM.ActiveCfg = Debug|Any CPU
		{69EB652F-61E8-4AE1-AF96-5BD05F4FA56D}.Debug|x64.ActiveCfg = Debug|Any CPU
		{69EB652F-61E8-4AE1-AF96-5BD05F4FA56D}.Debug|x86.ActiveCfg = Debug|Any CPU
		{69EB652F-61E8-4AE1-AF96-5BD05F4FA56D}.Release|Any CPU.ActiveCfg = Release|Any CPU
		{69EB652F-61E8-4AE1-AF96-5BD05F4FA56D}.Release|Any CPU.Build.0 = Release|Any CPU
		{69EB652F-61E8-4AE1-AF96-5BD05F4FA56D}.Release|ARM.ActiveCfg = Release|Any CPU
		{69EB652F-61E8-4AE1-AF96-5BD05F4FA56D}.Release|x64.ActiveCfg = Release|Any CPU
		{69EB652F-61E8-4AE1-AF96-5BD05F4FA56D}.Release|x86.ActiveCfg = Release|Any CPU
		{5012E14A-4BEB-4123-AC14-76B0A6416FDE}.Debug|Any CPU.ActiveCfg = Debug|Any CPU
		{5012E14A-4BEB-4123-AC14-76B0A6416FDE}.Debug|Any CPU.Build.0 = Debug|Any CPU
		{5012E14A-4BEB-4123-AC14-76B0A6416FDE}.Debug|ARM.ActiveCfg = Debug|Any CPU
		{5012E14A-4BEB-4123-AC14-76B0A6416FDE}.Debug|x64.ActiveCfg = Debug|Any CPU
		{5012E14A-4BEB-4123-AC14-76B0A6416FDE}.Debug|x86.ActiveCfg = Debug|Any CPU
		{5012E14A-4BEB-4123-AC14-76B0A6416FDE}.Release|Any CPU.ActiveCfg = Release|Any CPU
		{5012E14A-4BEB-4123-AC14-76B0A6416FDE}.Release|Any CPU.Build.0 = Release|Any CPU
		{5012E14A-4BEB-4123-AC14-76B0A6416FDE}.Release|ARM.ActiveCfg = Release|Any CPU
		{5012E14A-4BEB-4123-AC14-76B0A6416FDE}.Release|x64.ActiveCfg = Release|Any CPU
		{5012E14A-4BEB-4123-AC14-76B0A6416FDE}.Release|x86.ActiveCfg = Release|Any CPU
		{3EBDBC88-AF97-49ED-9283-1E53BED39A4C}.Debug|Any CPU.ActiveCfg = Debug|Any CPU
		{3EBDBC88-AF97-49ED-9283-1E53BED39A4C}.Debug|Any CPU.Build.0 = Debug|Any CPU
		{3EBDBC88-AF97-49ED-9283-1E53BED39A4C}.Debug|ARM.ActiveCfg = Debug|Any CPU
		{3EBDBC88-AF97-49ED-9283-1E53BED39A4C}.Debug|x64.ActiveCfg = Debug|Any CPU
		{3EBDBC88-AF97-49ED-9283-1E53BED39A4C}.Debug|x86.ActiveCfg = Debug|Any CPU
		{3EBDBC88-AF97-49ED-9283-1E53BED39A4C}.Release|Any CPU.ActiveCfg = Release|Any CPU
		{3EBDBC88-AF97-49ED-9283-1E53BED39A4C}.Release|Any CPU.Build.0 = Release|Any CPU
		{3EBDBC88-AF97-49ED-9283-1E53BED39A4C}.Release|ARM.ActiveCfg = Release|Any CPU
		{3EBDBC88-AF97-49ED-9283-1E53BED39A4C}.Release|x64.ActiveCfg = Release|Any CPU
		{3EBDBC88-AF97-49ED-9283-1E53BED39A4C}.Release|x86.ActiveCfg = Release|Any CPU
		{381FD767-8A9D-4444-AE0B-E7368A54C6EB}.Debug|Any CPU.ActiveCfg = Debug|Any CPU
		{381FD767-8A9D-4444-AE0B-E7368A54C6EB}.Debug|Any CPU.Build.0 = Debug|Any CPU
		{381FD767-8A9D-4444-AE0B-E7368A54C6EB}.Debug|ARM.ActiveCfg = Debug|Any CPU
		{381FD767-8A9D-4444-AE0B-E7368A54C6EB}.Debug|x64.ActiveCfg = Debug|Any CPU
		{381FD767-8A9D-4444-AE0B-E7368A54C6EB}.Debug|x86.ActiveCfg = Debug|Any CPU
		{381FD767-8A9D-4444-AE0B-E7368A54C6EB}.Release|Any CPU.ActiveCfg = Release|Any CPU
		{381FD767-8A9D-4444-AE0B-E7368A54C6EB}.Release|Any CPU.Build.0 = Release|Any CPU
		{381FD767-8A9D-4444-AE0B-E7368A54C6EB}.Release|ARM.ActiveCfg = Release|Any CPU
		{381FD767-8A9D-4444-AE0B-E7368A54C6EB}.Release|x64.ActiveCfg = Release|Any CPU
		{381FD767-8A9D-4444-AE0B-E7368A54C6EB}.Release|x86.ActiveCfg = Release|Any CPU
		{A8B3253B-C7C9-4F63-BD6B-D82D80B88A42}.Debug|Any CPU.ActiveCfg = Debug|Any CPU
		{A8B3253B-C7C9-4F63-BD6B-D82D80B88A42}.Debug|Any CPU.Build.0 = Debug|Any CPU
		{A8B3253B-C7C9-4F63-BD6B-D82D80B88A42}.Debug|ARM.ActiveCfg = Debug|Any CPU
		{A8B3253B-C7C9-4F63-BD6B-D82D80B88A42}.Debug|x64.ActiveCfg = Debug|Any CPU
		{A8B3253B-C7C9-4F63-BD6B-D82D80B88A42}.Debug|x86.ActiveCfg = Debug|Any CPU
		{A8B3253B-C7C9-4F63-BD6B-D82D80B88A42}.Release|Any CPU.ActiveCfg = Release|Any CPU
		{A8B3253B-C7C9-4F63-BD6B-D82D80B88A42}.Release|Any CPU.Build.0 = Release|Any CPU
		{A8B3253B-C7C9-4F63-BD6B-D82D80B88A42}.Release|ARM.ActiveCfg = Release|Any CPU
		{A8B3253B-C7C9-4F63-BD6B-D82D80B88A42}.Release|x64.ActiveCfg = Release|Any CPU
		{A8B3253B-C7C9-4F63-BD6B-D82D80B88A42}.Release|x86.ActiveCfg = Release|Any CPU
		{0E15B539-5B8D-4FE0-97F7-B6629FDE6C05}.Debug|Any CPU.ActiveCfg = Debug|Any CPU
		{0E15B539-5B8D-4FE0-97F7-B6629FDE6C05}.Debug|Any CPU.Build.0 = Debug|Any CPU
		{0E15B539-5B8D-4FE0-97F7-B6629FDE6C05}.Debug|ARM.ActiveCfg = Debug|Any CPU
		{0E15B539-5B8D-4FE0-97F7-B6629FDE6C05}.Debug|x64.ActiveCfg = Debug|Any CPU
		{0E15B539-5B8D-4FE0-97F7-B6629FDE6C05}.Debug|x86.ActiveCfg = Debug|Any CPU
		{0E15B539-5B8D-4FE0-97F7-B6629FDE6C05}.Release|Any CPU.ActiveCfg = Release|Any CPU
		{0E15B539-5B8D-4FE0-97F7-B6629FDE6C05}.Release|Any CPU.Build.0 = Release|Any CPU
		{0E15B539-5B8D-4FE0-97F7-B6629FDE6C05}.Release|ARM.ActiveCfg = Release|Any CPU
		{0E15B539-5B8D-4FE0-97F7-B6629FDE6C05}.Release|x64.ActiveCfg = Release|Any CPU
		{0E15B539-5B8D-4FE0-97F7-B6629FDE6C05}.Release|x86.ActiveCfg = Release|Any CPU
		{FE3D79EC-236B-4720-8573-0A4ED711B962}.Debug|Any CPU.ActiveCfg = Debug|Any CPU
		{FE3D79EC-236B-4720-8573-0A4ED711B962}.Debug|Any CPU.Build.0 = Debug|Any CPU
		{FE3D79EC-236B-4720-8573-0A4ED711B962}.Debug|ARM.ActiveCfg = Debug|Any CPU
		{FE3D79EC-236B-4720-8573-0A4ED711B962}.Debug|x64.ActiveCfg = Debug|Any CPU
		{FE3D79EC-236B-4720-8573-0A4ED711B962}.Debug|x86.ActiveCfg = Debug|Any CPU
		{FE3D79EC-236B-4720-8573-0A4ED711B962}.Release|Any CPU.ActiveCfg = Release|Any CPU
		{FE3D79EC-236B-4720-8573-0A4ED711B962}.Release|Any CPU.Build.0 = Release|Any CPU
		{FE3D79EC-236B-4720-8573-0A4ED711B962}.Release|ARM.ActiveCfg = Release|Any CPU
		{FE3D79EC-236B-4720-8573-0A4ED711B962}.Release|x64.ActiveCfg = Release|Any CPU
		{FE3D79EC-236B-4720-8573-0A4ED711B962}.Release|x86.ActiveCfg = Release|Any CPU
		{D6DC5DEC-827A-466A-8CB4-297C8E1AC448}.Debug|Any CPU.ActiveCfg = Debug|Any CPU
		{D6DC5DEC-827A-466A-8CB4-297C8E1AC448}.Debug|Any CPU.Build.0 = Debug|Any CPU
		{D6DC5DEC-827A-466A-8CB4-297C8E1AC448}.Debug|ARM.ActiveCfg = Debug|Any CPU
		{D6DC5DEC-827A-466A-8CB4-297C8E1AC448}.Debug|x64.ActiveCfg = Debug|Any CPU
		{D6DC5DEC-827A-466A-8CB4-297C8E1AC448}.Debug|x86.ActiveCfg = Debug|Any CPU
		{D6DC5DEC-827A-466A-8CB4-297C8E1AC448}.Release|Any CPU.ActiveCfg = Release|Any CPU
		{D6DC5DEC-827A-466A-8CB4-297C8E1AC448}.Release|Any CPU.Build.0 = Release|Any CPU
		{D6DC5DEC-827A-466A-8CB4-297C8E1AC448}.Release|ARM.ActiveCfg = Release|Any CPU
		{D6DC5DEC-827A-466A-8CB4-297C8E1AC448}.Release|x64.ActiveCfg = Release|Any CPU
		{D6DC5DEC-827A-466A-8CB4-297C8E1AC448}.Release|x86.ActiveCfg = Release|Any CPU
		{FE106A41-4D69-4B56-8148-281250D7E8BC}.Debug|Any CPU.ActiveCfg = Debug|Any CPU
		{FE106A41-4D69-4B56-8148-281250D7E8BC}.Debug|Any CPU.Build.0 = Debug|Any CPU
		{FE106A41-4D69-4B56-8148-281250D7E8BC}.Debug|ARM.ActiveCfg = Debug|Any CPU
		{FE106A41-4D69-4B56-8148-281250D7E8BC}.Debug|x64.ActiveCfg = Debug|Any CPU
		{FE106A41-4D69-4B56-8148-281250D7E8BC}.Debug|x86.ActiveCfg = Debug|Any CPU
		{FE106A41-4D69-4B56-8148-281250D7E8BC}.Release|Any CPU.ActiveCfg = Release|Any CPU
		{FE106A41-4D69-4B56-8148-281250D7E8BC}.Release|Any CPU.Build.0 = Release|Any CPU
		{FE106A41-4D69-4B56-8148-281250D7E8BC}.Release|ARM.ActiveCfg = Release|Any CPU
		{FE106A41-4D69-4B56-8148-281250D7E8BC}.Release|x64.ActiveCfg = Release|Any CPU
		{FE106A41-4D69-4B56-8148-281250D7E8BC}.Release|x86.ActiveCfg = Release|Any CPU
		{E7FB454A-6AAD-4B0B-BBD6-4572283BF4E0}.Debug|Any CPU.ActiveCfg = Debug|Any CPU
		{E7FB454A-6AAD-4B0B-BBD6-4572283BF4E0}.Debug|Any CPU.Build.0 = Debug|Any CPU
		{E7FB454A-6AAD-4B0B-BBD6-4572283BF4E0}.Debug|ARM.ActiveCfg = Debug|Any CPU
		{E7FB454A-6AAD-4B0B-BBD6-4572283BF4E0}.Debug|x64.ActiveCfg = Debug|Any CPU
		{E7FB454A-6AAD-4B0B-BBD6-4572283BF4E0}.Debug|x86.ActiveCfg = Debug|Any CPU
		{E7FB454A-6AAD-4B0B-BBD6-4572283BF4E0}.Release|Any CPU.ActiveCfg = Release|Any CPU
		{E7FB454A-6AAD-4B0B-BBD6-4572283BF4E0}.Release|Any CPU.Build.0 = Release|Any CPU
		{E7FB454A-6AAD-4B0B-BBD6-4572283BF4E0}.Release|ARM.ActiveCfg = Release|Any CPU
		{E7FB454A-6AAD-4B0B-BBD6-4572283BF4E0}.Release|x64.ActiveCfg = Release|Any CPU
		{E7FB454A-6AAD-4B0B-BBD6-4572283BF4E0}.Release|x86.ActiveCfg = Release|Any CPU
		{9D17E885-B28C-4EA8-9281-82A4C889D113}.Debug|Any CPU.ActiveCfg = Debug|Any CPU
		{9D17E885-B28C-4EA8-9281-82A4C889D113}.Debug|Any CPU.Build.0 = Debug|Any CPU
		{9D17E885-B28C-4EA8-9281-82A4C889D113}.Debug|ARM.ActiveCfg = Debug|Any CPU
		{9D17E885-B28C-4EA8-9281-82A4C889D113}.Debug|x64.ActiveCfg = Debug|Any CPU
		{9D17E885-B28C-4EA8-9281-82A4C889D113}.Debug|x86.ActiveCfg = Debug|Any CPU
		{9D17E885-B28C-4EA8-9281-82A4C889D113}.Release|Any CPU.ActiveCfg = Release|Any CPU
		{9D17E885-B28C-4EA8-9281-82A4C889D113}.Release|Any CPU.Build.0 = Release|Any CPU
		{9D17E885-B28C-4EA8-9281-82A4C889D113}.Release|ARM.ActiveCfg = Release|Any CPU
		{9D17E885-B28C-4EA8-9281-82A4C889D113}.Release|x64.ActiveCfg = Release|Any CPU
		{9D17E885-B28C-4EA8-9281-82A4C889D113}.Release|x86.ActiveCfg = Release|Any CPU
		{71349428-D158-41CB-AB30-60416FC8F6C6}.Debug|Any CPU.ActiveCfg = Debug|Any CPU
		{71349428-D158-41CB-AB30-60416FC8F6C6}.Debug|Any CPU.Build.0 = Debug|Any CPU
		{71349428-D158-41CB-AB30-60416FC8F6C6}.Debug|ARM.ActiveCfg = Debug|Any CPU
		{71349428-D158-41CB-AB30-60416FC8F6C6}.Debug|x64.ActiveCfg = Debug|Any CPU
		{71349428-D158-41CB-AB30-60416FC8F6C6}.Debug|x86.ActiveCfg = Debug|Any CPU
		{71349428-D158-41CB-AB30-60416FC8F6C6}.Release|Any CPU.ActiveCfg = Release|Any CPU
		{71349428-D158-41CB-AB30-60416FC8F6C6}.Release|Any CPU.Build.0 = Release|Any CPU
		{71349428-D158-41CB-AB30-60416FC8F6C6}.Release|ARM.ActiveCfg = Release|Any CPU
		{71349428-D158-41CB-AB30-60416FC8F6C6}.Release|x64.ActiveCfg = Release|Any CPU
		{71349428-D158-41CB-AB30-60416FC8F6C6}.Release|x86.ActiveCfg = Release|Any CPU
		{BFE1BD2D-0A76-4B4A-BF9F-D709921F28E4}.Debug|Any CPU.ActiveCfg = Debug|Any CPU
		{BFE1BD2D-0A76-4B4A-BF9F-D709921F28E4}.Debug|Any CPU.Build.0 = Debug|Any CPU
		{BFE1BD2D-0A76-4B4A-BF9F-D709921F28E4}.Debug|ARM.ActiveCfg = Debug|Any CPU
		{BFE1BD2D-0A76-4B4A-BF9F-D709921F28E4}.Debug|x64.ActiveCfg = Debug|Any CPU
		{BFE1BD2D-0A76-4B4A-BF9F-D709921F28E4}.Debug|x86.ActiveCfg = Debug|Any CPU
		{BFE1BD2D-0A76-4B4A-BF9F-D709921F28E4}.Release|Any CPU.ActiveCfg = Release|Any CPU
		{BFE1BD2D-0A76-4B4A-BF9F-D709921F28E4}.Release|Any CPU.Build.0 = Release|Any CPU
		{BFE1BD2D-0A76-4B4A-BF9F-D709921F28E4}.Release|ARM.ActiveCfg = Release|Any CPU
		{BFE1BD2D-0A76-4B4A-BF9F-D709921F28E4}.Release|x64.ActiveCfg = Release|Any CPU
		{BFE1BD2D-0A76-4B4A-BF9F-D709921F28E4}.Release|x86.ActiveCfg = Release|Any CPU
	EndGlobalSection
	GlobalSection(SolutionProperties) = preSolution
		HideSolutionNode = FALSE
	EndGlobalSection
EndGlobal
